// !$*UTF8*$!
{
	archiveVersion = 1;
	classes = {
	};
	objectVersion = 55;
	objects = {

/* Begin PBXBuildFile section */
		26D9C52C2813FFF000856CCC /* main.cpp in Sources */ = {isa = PBXBuildFile; fileRef = 26D9C52B2813FFF000856CCC /* main.cpp */; };
/* End PBXBuildFile section */

/* Begin PBXCopyFilesBuildPhase section */
		26D9C5262813FFF000856CCC /* CopyFiles */ = {
			isa = PBXCopyFilesBuildPhase;
			buildActionMask = 2147483647;
			dstPath = /usr/share/man/man1/;
			dstSubfolderSpec = 0;
			files = (
			);
			runOnlyForDeploymentPostprocessing = 1;
		};
/* End PBXCopyFilesBuildPhase section */

/* Begin PBXFileReference section */
		269210E02854CF76008A6915 /* hittable_list.h */ = {isa = PBXFileReference; lastKnownFileType = sourcecode.c.h; name = hittable_list.h; path = inOneWeekRT/header/hittable_list.h; sourceTree = "<group>"; };
		269210E12854D79F008A6915 /* rtweekend.h */ = {isa = PBXFileReference; lastKnownFileType = sourcecode.c.h; name = rtweekend.h; path = inOneWeekRT/header/rtweekend.h; sourceTree = "<group>"; };
		269210E22855BB98008A6915 /* camera.h */ = {isa = PBXFileReference; lastKnownFileType = sourcecode.c.h; name = camera.h; path = inOneWeekRT/header/camera.h; sourceTree = "<group>"; };
		269210E92855EDF6008A6915 /* image.png */ = {isa = PBXFileReference; lastKnownFileType = image.png; path = image.png; sourceTree = "<group>"; };
		269210EA2855EE51008A6915 /* README.md */ = {isa = PBXFileReference; lastKnownFileType = net.daringfireball.markdown; path = README.md; sourceTree = "<group>"; };
		269210F62857022A008A6915 /* material.h */ = {isa = PBXFileReference; lastKnownFileType = sourcecode.c.h; name = material.h; path = inOneWeekRT/header/material.h; sourceTree = "<group>"; };
		26D9C5282813FFF000856CCC /* inOneWeekRT */ = {isa = PBXFileReference; explicitFileType = "compiled.mach-o.executable"; includeInIndex = 0; path = inOneWeekRT; sourceTree = BUILT_PRODUCTS_DIR; };
		26D9C52B2813FFF000856CCC /* main.cpp */ = {isa = PBXFileReference; lastKnownFileType = sourcecode.cpp.cpp; path = main.cpp; sourceTree = "<group>"; };
		26D9C5322816825100856CCC /* vec3.h */ = {isa = PBXFileReference; lastKnownFileType = sourcecode.c.h; name = vec3.h; path = inOneWeekRT/header/vec3.h; sourceTree = "<group>"; };
		26D9C5332816856E00856CCC /* color.h */ = {isa = PBXFileReference; lastKnownFileType = sourcecode.c.h; name = color.h; path = inOneWeekRT/header/color.h; sourceTree = "<group>"; };
		26D9C5342816CAC300856CCC /* ray.h */ = {isa = PBXFileReference; lastKnownFileType = sourcecode.c.h; name = ray.h; path = inOneWeekRT/header/ray.h; sourceTree = "<group>"; };
		26D9C535281929CC00856CCC /* hittable.h */ = {isa = PBXFileReference; lastKnownFileType = sourcecode.c.h; name = hittable.h; path = inOneWeekRT/header/hittable.h; sourceTree = "<group>"; };
		26D9C53628192CC100856CCC /* sphere.h */ = {isa = PBXFileReference; lastKnownFileType = sourcecode.c.h; name = sphere.h; path = inOneWeekRT/header/sphere.h; sourceTree = "<group>"; };
/* End PBXFileReference section */

/* Begin PBXFrameworksBuildPhase section */
		26D9C5252813FFF000856CCC /* Frameworks */ = {
			isa = PBXFrameworksBuildPhase;
			buildActionMask = 2147483647;
			files = (
			);
			runOnlyForDeploymentPostprocessing = 0;
		};
/* End PBXFrameworksBuildPhase section */

/* Begin PBXGroup section */
		269210E82855EDF6008A6915 /* img */ = {
			isa = PBXGroup;
			children = (
				269210E92855EDF6008A6915 /* image.png */,
			);
			path = img;
			sourceTree = "<group>";
		};
		26D9C51F2813FFF000856CCC = {
			isa = PBXGroup;
			children = (
				269210EA2855EE51008A6915 /* README.md */,
				269210E82855EDF6008A6915 /* img */,
				269210E22855BB98008A6915 /* camera.h */,
				269210E12854D79F008A6915 /* rtweekend.h */,
				269210F62857022A008A6915 /* material.h */,
				269210E02854CF76008A6915 /* hittable_list.h */,
				26D9C53628192CC100856CCC /* sphere.h */,
				26D9C535281929CC00856CCC /* hittable.h */,
				26D9C5342816CAC300856CCC /* ray.h */,
				26D9C5332816856E00856CCC /* color.h */,
				26D9C5322816825100856CCC /* vec3.h */,
				26D9C52A2813FFF000856CCC /* inOneWeekRT */,
				26D9C5292813FFF000856CCC /* Products */,
			);
			sourceTree = "<group>";
		};
		26D9C5292813FFF000856CCC /* Products */ = {
			isa = PBXGroup;
			children = (
				26D9C5282813FFF000856CCC /* inOneWeekRT */,
			);
			name = Products;
			sourceTree = "<group>";
		};
		26D9C52A2813FFF000856CCC /* inOneWeekRT */ = {
			isa = PBXGroup;
			children = (
				26D9C52B2813FFF000856CCC /* main.cpp */,
			);
			path = inOneWeekRT;
			sourceTree = "<group>";
		};
/* End PBXGroup section */

/* Begin PBXNativeTarget section */
		26D9C5272813FFF000856CCC /* inOneWeekRT */ = {
			isa = PBXNativeTarget;
			buildConfigurationList = 26D9C52F2813FFF000856CCC /* Build configuration list for PBXNativeTarget "inOneWeekRT" */;
			buildPhases = (
				26D9C5242813FFF000856CCC /* Sources */,
				26D9C5252813FFF000856CCC /* Frameworks */,
				26D9C5262813FFF000856CCC /* CopyFiles */,
			);
			buildRules = (
			);
			dependencies = (
			);
			name = inOneWeekRT;
			productName = inOneWeekRT;
			productReference = 26D9C5282813FFF000856CCC /* inOneWeekRT */;
			productType = "com.apple.product-type.tool";
		};
/* End PBXNativeTarget section */

/* Begin PBXProject section */
		26D9C5202813FFF000856CCC /* Project object */ = {
			isa = PBXProject;
			attributes = {
				BuildIndependentTargetsInParallel = 1;
				LastUpgradeCheck = 1330;
				TargetAttributes = {
					26D9C5272813FFF000856CCC = {
						CreatedOnToolsVersion = 13.3.1;
					};
				};
			};
			buildConfigurationList = 26D9C5232813FFF000856CCC /* Build configuration list for PBXProject "inOneWeekRT" */;
			compatibilityVersion = "Xcode 13.0";
			developmentRegion = en;
			hasScannedForEncodings = 0;
			knownRegions = (
				en,
				Base,
			);
			mainGroup = 26D9C51F2813FFF000856CCC;
			productRefGroup = 26D9C5292813FFF000856CCC /* Products */;
			projectDirPath = "";
			projectRoot = "";
			targets = (
				26D9C5272813FFF000856CCC /* inOneWeekRT */,
			);
		};
/* End PBXProject section */

/* Begin PBXSourcesBuildPhase section */
		26D9C5242813FFF000856CCC /* Sources */ = {
			isa = PBXSourcesBuildPhase;
			buildActionMask = 2147483647;
			files = (
				26D9C52C2813FFF000856CCC /* main.cpp in Sources */,
			);
			runOnlyForDeploymentPostprocessing = 0;
		};
/* End PBXSourcesBuildPhase section */

/* Begin XCBuildConfiguration section */
		26D9C52D2813FFF000856CCC /* Debug */ = {
			isa = XCBuildConfiguration;
			buildSettings = {
				ALWAYS_SEARCH_USER_PATHS = NO;
				CLANG_ANALYZER_NONNULL = YES;
				CLANG_ANALYZER_NUMBER_OBJECT_CONVERSION = YES_AGGRESSIVE;
				CLANG_CXX_LANGUAGE_STANDARD = "gnu++17";
				CLANG_ENABLE_MODULES = YES;
				CLANG_ENABLE_OBJC_ARC = YES;
				CLANG_ENABLE_OBJC_WEAK = YES;
				CLANG_WARN_BLOCK_CAPTURE_AUTORELEASING = YES;
				CLANG_WARN_BOOL_CONVERSION = YES;
				CLANG_WARN_COMMA = YES;
				CLANG_WARN_CONSTANT_CONVERSION = YES;
				CLANG_WARN_DEPRECATED_OBJC_IMPLEMENTATIONS = YES;
				CLANG_WARN_DIRECT_OBJC_ISA_USAGE = YES_ERROR;
				CLANG_WARN_DOCUMENTATION_COMMENTS = YES;
				CLANG_WARN_EMPTY_BODY = YES;
				CLANG_WARN_ENUM_CONVERSION = YES;
				CLANG_WARN_INFINITE_RECURSION = YES;
				CLANG_WARN_INT_CONVERSION = YES;
				CLANG_WARN_NON_LITERAL_NULL_CONVERSION = YES;
				CLANG_WARN_OBJC_IMPLICIT_RETAIN_SELF = YES;
				CLANG_WARN_OBJC_LITERAL_CONVERSION = YES;
				CLANG_WARN_OBJC_ROOT_CLASS = YES_ERROR;
				CLANG_WARN_QUOTED_INCLUDE_IN_FRAMEWORK_HEADER = YES;
				CLANG_WARN_RANGE_LOOP_ANALYSIS = YES;
				CLANG_WARN_STRICT_PROTOTYPES = YES;
				CLANG_WARN_SUSPICIOUS_MOVE = YES;
				CLANG_WARN_UNGUARDED_AVAILABILITY = YES_AGGRESSIVE;
				CLANG_WARN_UNREACHABLE_CODE = YES;
				CLANG_WARN__DUPLICATE_METHOD_MATCH = YES;
				COPY_PHASE_STRIP = NO;
				DEBUG_INFORMATION_FORMAT = dwarf;
				ENABLE_STRICT_OBJC_MSGSEND = YES;
				ENABLE_TESTABILITY = YES;
				GCC_C_LANGUAGE_STANDARD = gnu11;
				GCC_DYNAMIC_NO_PIC = NO;
				GCC_NO_COMMON_BLOCKS = YES;
				GCC_OPTIMIZATION_LEVEL = 0;
				GCC_PREPROCESSOR_DEFINITIONS = (
					"DEBUG=1",
					"$(inherited)",
				);
				GCC_WARN_64_TO_32_BIT_CONVERSION = YES;
				GCC_WARN_ABOUT_RETURN_TYPE = YES_ERROR;
				GCC_WARN_UNDECLARED_SELECTOR = YES;
				GCC_WARN_UNINITIALIZED_AUTOS = YES_AGGRESSIVE;
				GCC_WARN_UNUSED_FUNCTION = YES;
				GCC_WARN_UNUSED_VARIABLE = YES;
				MACOSX_DEPLOYMENT_TARGET = 12.3;
				MTL_ENABLE_DEBUG_INFO = INCLUDE_SOURCE;
				MTL_FAST_MATH = YES;
				ONLY_ACTIVE_ARCH = YES;
				SDKROOT = macosx;
			};
			name = Debug;
		};
		26D9C52E2813FFF000856CCC /* Release */ = {
			isa = XCBuildConfiguration;
			buildSettings = {
				ALWAYS_SEARCH_USER_PATHS = NO;
				CLANG_ANALYZER_NONNULL = YES;
				CLANG_ANALYZER_NUMBER_OBJECT_CONVERSION = YES_AGGRESSIVE;
				CLANG_CXX_LANGUAGE_STANDARD = "gnu++17";
				CLANG_ENABLE_MODULES = YES;
				CLANG_ENABLE_OBJC_ARC = YES;
				CLANG_ENABLE_OBJC_WEAK = YES;
				CLANG_WARN_BLOCK_CAPTURE_AUTORELEASING = YES;
				CLANG_WARN_BOOL_CONVERSION = YES;
				CLANG_WARN_COMMA = YES;
				CLANG_WARN_CONSTANT_CONVERSION = YES;
				CLANG_WARN_DEPRECATED_OBJC_IMPLEMENTATIONS = YES;
				CLANG_WARN_DIRECT_OBJC_ISA_USAGE = YES_ERROR;
				CLANG_WARN_DOCUMENTATION_COMMENTS = YES;
				CLANG_WARN_EMPTY_BODY = YES;
				CLANG_WARN_ENUM_CONVERSION = YES;
				CLANG_WARN_INFINITE_RECURSION = YES;
				CLANG_WARN_INT_CONVERSION = YES;
				CLANG_WARN_NON_LITERAL_NULL_CONVERSION = YES;
				CLANG_WARN_OBJC_IMPLICIT_RETAIN_SELF = YES;
				CLANG_WARN_OBJC_LITERAL_CONVERSION = YES;
				CLANG_WARN_OBJC_ROOT_CLASS = YES_ERROR;
				CLANG_WARN_QUOTED_INCLUDE_IN_FRAMEWORK_HEADER = YES;
				CLANG_WARN_RANGE_LOOP_ANALYSIS = YES;
				CLANG_WARN_STRICT_PROTOTYPES = YES;
				CLANG_WARN_SUSPICIOUS_MOVE = YES;
				CLANG_WARN_UNGUARDED_AVAILABILITY = YES_AGGRESSIVE;
				CLANG_WARN_UNREACHABLE_CODE = YES;
				CLANG_WARN__DUPLICATE_METHOD_MATCH = YES;
				COPY_PHASE_STRIP = NO;
				DEBUG_INFORMATION_FORMAT = "dwarf-with-dsym";
				ENABLE_NS_ASSERTIONS = NO;
				ENABLE_STRICT_OBJC_MSGSEND = YES;
				GCC_C_LANGUAGE_STANDARD = gnu11;
				GCC_NO_COMMON_BLOCKS = YES;
				GCC_WARN_64_TO_32_BIT_CONVERSION = YES;
				GCC_WARN_ABOUT_RETURN_TYPE = YES_ERROR;
				GCC_WARN_UNDECLARED_SELECTOR = YES;
				GCC_WARN_UNINITIALIZED_AUTOS = YES_AGGRESSIVE;
				GCC_WARN_UNUSED_FUNCTION = YES;
				GCC_WARN_UNUSED_VARIABLE = YES;
				MACOSX_DEPLOYMENT_TARGET = 12.3;
				MTL_ENABLE_DEBUG_INFO = NO;
				MTL_FAST_MATH = YES;
				SDKROOT = macosx;
			};
			name = Release;
		};
		26D9C5302813FFF000856CCC /* Debug */ = {
			isa = XCBuildConfiguration;
			buildSettings = {
				CODE_SIGN_STYLE = Automatic;
				DEVELOPMENT_TEAM = 62LS6JF42M;
				ENABLE_HARDENED_RUNTIME = YES;
				PRODUCT_NAME = "$(TARGET_NAME)";
				USER_HEADER_SEARCH_PATHS = "$(SRCROOT)/inOneWeekRT/header";
			};
			name = Debug;
		};
		26D9C5312813FFF000856CCC /* Release */ = {
			isa = XCBuildConfiguration;
			buildSettings = {
				CODE_SIGN_STYLE = Automatic;
				DEVELOPMENT_TEAM = 62LS6JF42M;
				ENABLE_HARDENED_RUNTIME = YES;
				PRODUCT_NAME = "$(TARGET_NAME)";
				USER_HEADER_SEARCH_PATHS = "$(SRCROOT)/inOneWeekRT/header";
			};
			name = Release;
		};
/* End XCBuildConfiguration section */

/* Begin XCConfigurationList section */
		26D9C5232813FFF000856CCC /* Build configuration list for PBXProject "inOneWeekRT" */ = {
			isa = XCConfigurationList;
			buildConfigurations = (
				26D9C52D2813FFF000856CCC /* Debug */,
				26D9C52E2813FFF000856CCC /* Release */,
			);
			defaultConfigurationIsVisible = 0;
			defaultConfigurationName = Release;
		};
		26D9C52F2813FFF000856CCC /* Build configuration list for PBXNativeTarget "inOneWeekRT" */ = {
			isa = XCConfigurationList;
			buildConfigurations = (
				26D9C5302813FFF000856CCC /* Debug */,
				26D9C5312813FFF000856CCC /* Release */,
			);
			defaultConfigurationIsVisible = 0;
			defaultConfigurationName = Release;
		};
/* End XCConfigurationList section */
	};
	rootObject = 26D9C5202813FFF000856CCC /* Project object */;
}
